lockfileVersion: '9.0'

settings:
  autoInstallPeers: true
  excludeLinksFromLockfile: false

importers:

  .:
    devDependencies:
      typescript:
        specifier: ^5.5.0
        version: 5.5.2

  packages/collab-flow:
    devDependencies:
      '@deepseek-ai/cordis':
        specifier: ^4.0.2
        version: 4.0.2
      '@types/node':
        specifier: ^20.0.0
        version: 20.19.43
      '@types/react':
        specifier: ^18.3.0
        version: 18.3.31
      react:
        specifier: ^18.3.0
        version: 18.3.0
      tsdown:
        specifier: ^0.12.0
        version: 0.12.0(typescript@5.5.2)
      typescript:
        specifier: ^5.5.0
        version: 5.5.2
      zod:
        specifier: ^3.23.0
        version: 3.23.0

packages:

  '@babel/generator@7.29.8':
    resolution: {integrity: sha512-gZbepsdh3WDtgZKWL+vTPh71LSBrm/Y4/QDZBVCcYfmeTEEuoOYwlSy+G1StfJg+/Zy550u/3TATbm7qDbbMtg==}
    engines: {node: '>=6.9.0'}

  '@babel/helper-string-parser@7.29.7':
    resolution: {integrity: sha512-Pb5ijPrZ89GDH8223L4UP8i6QApWxs04RbPQJTeWDV0/keR2E36MeKnyr6LYmUUvqRRI+Iv87SuF1W6ErINzYw==}
    engines: {node: '>=6.9.0'}

  '@babel/helper-validator-identifier@7.29.7':
    resolution: {integrity: sha512-qehxGkRj55h/ff8EMaJ+cYhyaKlHIxqYDn682wQD7RNp9UujOQsHog2uS0r2vzr4pW+sXf90NeeayjcNaX3fFg==}
    engines: {node: '>=6.9.0'}

  '@babel/parser@7.29.8':
    resolution: {integrity: sha512-E8lTAYNB1KW+FH+VGJuZM1ioAx2E6oVlvQFRrf5P8ZZmsiJXYAD9vTFV7yyEURNzgh1dFqMZuO6tUwcARbqFCA==}
    engines: {node: '>=6.0.0'}
    hasBin: true

  '@babel/types@7.29.8':
    resolution: {integrity: sha512-Vj1jF3cPfxg7OAfoI7QnVKLoILlm2JF9pnVHrX8qx7AHMiYWT+NDAA7jChlNgRS4WTLc/fD1lXLmPixluj+3Gg==}
    engines: {node: '>=6.9.0'}

  '@deepseek-ai/cordis@4.0.2':
    resolution: {integrity: sha512-asOnXP1TzFSFQlHb1iegDZp0z/8WD1c7YNrwJR/Tx2bzNuMXfcekE/I67Iv6SQXeLB4csxqCngzQKANP7gdw0g==}
    hasBin: true
    peerDependencies:
      '@deepseek-ai/cordis-plugin-include': ^1.0.7
      '@deepseek-ai/cordis-plugin-loader': ^1.0.3
    peerDependenciesMeta:
      '@deepseek-ai/cordis-plugin-include':
        optional: true
      '@deepseek-ai/cordis-plugin-loader':
        optional: true

  '@deepseek-ai/cosmokit@1.8.3':
    resolution: {integrity: sha512-qBo+ronVM6Eu2WNVJXi8JcMiqZ19T9BRIpV+5qJUFPXjGH/Z0QKcQMC/IZJ7L394YTOtJgcovbk9qP0w2GsBXQ==}

  '@emnapi/core@1.11.3':
    resolution: {integrity: sha512-zLpS5asjEb7lq8jYLq37N6XKaE41DIexlY1rF/z4/tIl3wo13Sqm28fRyfIsKZD+NZ8mM5RoKkpW/rBcuoSZSg==}

  '@emnapi/runtime@1.11.3':
    resolution: {integrity: sha512-Xz4Tpyki7XyrpbUK1jR1AhdAdaXyhhY4lZ3neLodmhpuWfy2PAQN5B46sAiU4liOXGLkHypn/qU+jvfWSCYYLA==}

  '@emnapi/wasi-threads@1.2.3':
    resolution: {integrity: sha512-ELEBe8PsLvvJ6QMr0zLt8ffvOHW/dc1m3CEzNMg7aJUv3bMaoDtw2TXyDAwkYBuroxxuHEwhRTLJSe5sya547g==}

  '@jridgewell/gen-mapping@0.3.12':
    resolution: {integrity: sha512-OuLGC46TjB5BbN1dH8JULVVZY4WTdkF7tV9Ys6wLL1rubZnCMstOhNHueU5bLCrnRuDhKPDM4g6sw4Bel5Gzqg==}

  '@jridgewell/resolve-uri@3.1.2':
    resolution: {integrity: sha512-bRISgCIjP20/tbWSPWMEi54QVPRZExkuD9lJL+UIxUKtwVJA8wW1Trb1jMs1RFXo1CBTNZ/5hpC9QvmKWdopKw==}
    engines: {node: '>=6.0.0'}

  '@jridgewell/sourcemap-codec@1.6.0':
    resolution: {integrity: sha512-T7jf+5zgsZHwNJ4lvQ7/aezbyk0nNX+zJVWpmHA7VYsEx7a7qr5Rg5IbtJFqkgze5Y2sruq1RUY8Q837Od7iFw==}

  '@jridgewell/trace-mapping@0.3.31':
    resolution: {integrity: sha512-zzNR+SdQSDJzc8joaeP8QQoCQr8NuYx2dIIytl1QeBEZHJ9uW6hebsrYgbz8hJwUQao3TWCMtmfV8Nu1twOLAw==}

  '@napi-rs/wasm-runtime@0.2.12':
    resolution: {integrity: sha512-ZVWUcfwY4E/yPitQJl481FjFo3K22D6qF0DuFH6Y/nbnE11GY5uguDxZMGXPQ8WQ0128MXQD7TnfHyK4oWoIJQ==}

  '@oxc-project/types@0.70.0':
    resolution: {integrity: sha512-ngyLUpUjO3dpqygSRQDx7nMx8+BmXbWOU4oIwTJFV2MVIDG7knIZwgdwXlQWLg3C3oxg1lS7ppMtPKqKFb7wzw==}

  '@quansync/fs@1.0.0':
    resolution: {integrity: sha512-4TJ3DFtlf1L5LDMaM6CanJ/0lckGNtJcMjQ1NAV6zDmA0tEHKZtxNKin8EgPaVX1YzljbxckyT2tJrpQKAtngQ==}

  '@rolldown/binding-darwin-arm64@1.0.0-beta.9':
    resolution: {integrity: sha512-geUG/FUpm+membLC0NQBb39vVyOfguYZ2oyXc7emr6UjH6TeEECT4b0CPZXKFnELareTiU/Jfl70/eEgNxyQeA==}
    cpu: [arm64]
    os: [darwin]

  '@rolldown/binding-darwin-x64@1.0.0-beta.9':
    resolution: {integrity: sha512-7wPXDwcOtv2I+pWTL2UNpNAxMAGukgBT90Jz4DCfwaYdGvQncF7J0S7IWrRVsRFhBavxM+65RcueE3VXw5UIbg==}
    cpu: [x64]
    os: [darwin]

  '@rolldown/binding-freebsd-x64@1.0.0-beta.9':
    resolution: {integrity: sha512-agO5mONTNKVrcIt4SRxw5Ni0FOVV3gaH8dIiNp1A4JeU91b9kw7x+JRuNJAQuM2X3pYqVvA6qh13UTNOsaqM/Q==}
    cpu: [x64]
    os: [freebsd]

  '@rolldown/binding-linux-arm-gnueabihf@1.0.0-beta.9':
    resolution: {integrity: sha512-dDNDV9p/8WYDriS9HCcbH6y6+JP38o3enj/pMkdkmkxEnZ0ZoHIfQ9RGYWeRYU56NKBCrya4qZBJx49Jk9LRug==}
    cpu: [arm]
    os: [linux]

  '@rolldown/binding-linux-arm64-gnu@1.0.0-beta.9':
    resolution: {integrity: sha512-kZKegmHG1ZvfsFIwYU6DeFSxSIcIliXzeznsJHUo9D9/dlVSDi/PUvsRKcuJkQjZoejM6pk8MHN/UfgGdIhPHw==}
    cpu: [arm64]
    os: [linux]
    libc: [glibc]

  '@rolldown/binding-linux-arm64-musl@1.0.0-beta.9':
    resolution: {integrity: sha512-f+VL8mO31pyMJiJPr2aA1ryYONkP2UqgbwK7fKtKHZIeDd/AoUGn3+ujPqDhuy2NxgcJ5H8NaSvDpG1tJMHh+g==}
    cpu: [arm64]
    os: [linux]
    libc: [musl]

  '@rolldown/binding-linux-x64-gnu@1.0.0-beta.9':
    resolution: {integrity: sha512-GiUEZ0WPjX5LouDoC3O8aJa4h6BLCpIvaAboNw5JoRour/3dC6rbtZZ/B5FC3/ySsN3/dFOhAH97ylQxoZJi7A==}
    cpu: [x64]
    os: [linux]
    libc: [glibc]

  '@rolldown/binding-linux-x64-musl@1.0.0-beta.9':
    resolution: {integrity: sha512-AMb0dicw+QHh6RxvWo4BRcuTMgS0cwUejJRMpSyIcHYnKTbj6nUW4HbWNQuDfZiF27l6F5gEwBS+YLUdVzL9vg==}
    cpu: [x64]
    os: [linux]
    libc: [musl]

  '@rolldown/binding-wasm32-wasi@1.0.0-beta.9':
    resolution: {integrity: sha512-+pdaiTx7L8bWKvsAuCE0HAxP1ze1WOLoWGCawcrZbMSY10dMh2i82lJiH6tXGXbfYYwsNWhWE2NyG4peFZvRfQ==}
    engines: {node: '>=14.21.3'}
    cpu: [wasm32]

  '@rolldown/binding-win32-arm64-msvc@1.0.0-beta.9':
    resolution: {integrity: sha512-A7kN248viWvb8eZMzQu024TBKGoyoVYBsDG2DtoP8u2pzwoh5yDqUL291u01o4f8uzpUHq8mfwQJmcGChFu8KQ==}
    cpu: [arm64]
    os: [win32]

  '@rolldown/binding-win32-ia32-msvc@1.0.0-beta.9':
    resolution: {integrity: sha512-DzKN7iEYjAP8AK8F2G2aCej3fk43Y/EQrVrR3gF0XREes56chjQ7bXIhw819jv74BbxGdnpPcslhet/cgt7WRA==}
    cpu: [ia32]
    os: [win32]

  '@rolldown/binding-win32-x64-msvc@1.0.0-beta.9':
    resolution: {integrity: sha512-GMWgTvvbZ8TfBsAiJpoz4SRq3IN3aUMn0rYm8q4I8dcEk4J1uISyfb6ZMzvqW+cvScTWVKWZNqnrmYOKLLUt4w==}
    cpu: [x64]
    os: [win32]

  '@rolldown/pluginutils@1.0.0-beta.9':
    resolution: {integrity: sha512-e9MeMtVWo186sgvFFJOPGy7/d2j2mZhLJIdVW0C/xDluuOvymEATqz6zKsP0ZmXGzQtqlyjz5sC1sYQUoJG98w==}

  '@standard-schema/spec@1.1.0':
    resolution: {integrity: sha512-l2aFy5jALhniG5HgqrD6jXLi/rUWrKvqN/qJx6yoJsgKhblVd+iqqU4RCXavm/jPityDo5TCvKMnpjKnOriy0w==}

  '@tybys/wasm-util@0.10.3':
    resolution: {integrity: sha512-F3fo1MYrRJYL3zER0OUOmkutjr1Vp23m7OsSgp7nq4SP6OqX6C/56XFIPAl5bt3zaBRjmW7SGz3u/6LwFpYcOg==}

  '@types/node@20.19.43':
    resolution: {integrity: sha512-6oYBAi5ikg4Pl+kGsoYtawUMBT2zZMCvPNF7pVLnHZfd1zf38DRiWn/gT01RYCdUqkv7Fhr+C9ot4/tb+2sVvA==}

  '@types/prop-types@15.7.15':
    resolution: {integrity: sha512-F6bEyamV9jKGAFBEmlQnesRPGOQqS2+Uwi0Em15xenOxHaf2hv6L8YCVn3rPdPJOiJfPiCnLIRyvwVaqMY3MIw==}

  '@types/react@18.3.31':
    resolution: {integrity: sha512-vfEqpXTvwT91yhmwdfouStN2hSKwTvyRs8qpLfADyrq/kxDw0hZM7Wk9Ug1FELj8hIby+S/+kQCSRFF32nv2Qw==}

  ansis@4.3.1:
    resolution: {integrity: sha512-BJ8/l4R5LRE7hW9WdSuGYrLSHi2ynxeFpDFbH0K/CgNeY/tyhk+vO6TYxXC5r5CpUhNVX310xzPsN/H9lCdfOA==}
    engines: {node: '>=14'}

  ast-kit@2.0.0:
    resolution: {integrity: sha512-P63jzlYNz96MF9mCcprU+a7I5/ZQ5QAn3y+mZcPWEcGV3CHF/GWnkFPj3oCrWLUjL47+PD9PNiCUdXxw0cWdsg==}
    engines: {node: '>=20.18.0'}

  birpc@2.3.0:
    resolution: {integrity: sha512-ijbtkn/F3Pvzb6jHypHRyve2QApOCZDR25D/VnkY2G/lBNcXCTsnsCxgY4k4PkVB7zfwzYbY3O9Lcqe3xufS5g==}

  cac@6.7.14:
    resolution: {integrity: sha512-b6Ilus+c3RrdDk+JhLKUAQfzzgLEPy6wcXqS7f/xe1EETvsDP6GORG7SFuOs6cID5YkqchW/LXZbX5bc8j7ZcQ==}
    engines: {node: '>=8'}

  chokidar@4.0.3:
    resolution: {integrity: sha512-Qgzu8kfBvo+cA4962jnP1KkS6Dop5NS6g7R5LFYJr4b8Ub94PPQXUksCw9PvXoeXPRRddRNC5C1JQUR2SMGtnA==}
    engines: {node: '>= 14.16.0'}

  csstype@3.2.3:
    resolution: {integrity: sha512-z1HGKcYy2xA8AGQfwrn0PAy+PB7X/GSj3UVJW9qKyn43xWa+gl5nXmU4qqLMRzWVLFC8KusUX8T/0kCiOYpAIQ==}

  debug@4.4.3:
    resolution: {integrity: sha512-RGwwWnwQvkVfavKVt22FGLw+xYSdzARwm0ru6DhTVA3umU5hZc28V3kO4stgYryrTlLpuvgI9GiijltAjNbcqA==}
    engines: {node: '>=6.0'}
    peerDependencies:
      supports-color: '*'
    peerDependenciesMeta:
      supports-color:
        optional: true

  defu@6.1.7:
    resolution: {integrity: sha512-7z22QmUWiQ/2d0KkdYmANbRUVABpZ9SNYyH5vx6PZ+nE5bcC0l7uFvEfHlyld/HcGBFTL536ClDt3DEcSlEJAQ==}

  diff@8.0.4:
    resolution: {integrity: sha512-DPi0FmjiSU5EvQV0++GFDOJ9ASQUVFh5kD+OzOnYdi7n3Wpm9hWWGfB/O2blfHcMVTL5WkQXSnRiK9makhrcnw==}
    engines: {node: '>=0.3.1'}

  dts-resolver@2.0.1:
    resolution: {integrity: sha512-Pe2kqaQTNVxleYpt9Q9658fn6rEpoZbMbDpEBbcU6pnuGM3Q0IdM+Rv67kN6qcyp8Bv2Uv9NYy5Y1rG1LSgfoQ==}
    engines: {node: '>=20.18.0'}
    peerDependencies:
      oxc-resolver: ^9.0.2
    peerDependenciesMeta:
      oxc-resolver:
        optional: true

  empathic@1.1.0:
    resolution: {integrity: sha512-rsPft6CK3eHtrlp9Y5ALBb+hfK+DWnA4WFebbazxjWyx8vSm3rZeoM3z9irsjcqO3PYRzlfv27XIB4tz2DV7RA==}
    engines: {node: '>=14'}

  fdir@6.5.0:
    resolution: {integrity: sha512-tIbYtZbucOs0BRGqPJkshJUYdL+SDH7dVM8gjy+ERp3WAUjLEFJE+02kanyHtwjWOnwrKYBiwAmM0p4kLJAnXg==}
    engines: {node: '>=12.0.0'}
    peerDependencies:
      picomatch: ^3 || ^4
    peerDependenciesMeta:
      picomatch:
        optional: true

  get-tsconfig@4.14.3:
    resolution: {integrity: sha512-++QEw4DIY7WGoukz+/+A/8dGYPT9l9yIadnmSgZ8Rjr3YVSVDipQSO9CdnJo9ePqFqUUqh+wk9uIaoiAwsiPkA==}

  hookable@5.5.3:
    resolution: {integrity: sha512-Yc+BQe8SvoXH1643Qez1zqLRmbA5rCL+sSmk6TVos0LWVfNIB7PGncdlId77WzLGSIB5KaWgTaNTs2lNVEI6VQ==}

  jiti@2.7.0:
    resolution: {integrity: sha512-AC/7JofJvZGrrneWNaEnJeOLUx+JlGt7tNa0wZiRPT4MY1wmfKjt2+6O2p2uz2+skll8OZZmJMNqeke7kKbNgQ==}
    hasBin: true

  js-tokens@3.0.0:
    resolution: {integrity: sha512-poXEQHPMmTrYZuJgNRll2sbc3kJsSU1m/g1Q93IE6txNj3p6xOOOmdj1G/zCVGawYSPzTkSoWGg1otqbeqKJeg==}

  jsesc@3.1.0:
    resolution: {integrity: sha512-/sM3dO2FOzXjKQhJuo0Q173wf2KOo8t4I8vHy6lF9poUp7bKT0/NHE8fPX23PwfhnykfqnC2xRxOnVw5XuGIaA==}
    engines: {node: '>=6'}
    hasBin: true

  loose-envify@1.4.0:
    resolution: {integrity: sha512-lyuxPGr/Wfhrlem2CL/UcnUc1zcqKAImBDzukY7Y5F/yQiNdko6+fRLevlw1HgMySw7f611UIY408EtxRSoK3Q==}
    hasBin: true

  ms@2.1.3:
    resolution: {integrity: sha512-6FlzubTLZG3J2a/NVCAleEhjzq5oxgHyaCU9yYXvcLsvoVaHJq/s5xXI6/XXP6tz7R9xAOtHnSO/tXtF3WRTlA==}

  pathe@2.0.3:
    resolution: {integrity: sha512-WUjGcAqP1gQacoQe+OBJsFA7Ld4DyXuUIjZ5cc75cLHvJ7dtNsTugphxIADwspS+AraAUePCKrSVtPLFj/F88w==}

  picomatch@4.0.7:
    resolution: {integrity: sha512-qcJu88Q2IWqJsDD529JKMdwGm/dvInW4HvQnRwiH9JtihJvzGOscDtHE3x1pBKeUOTysQ8kVmLnJ2kJu7yhcGA==}
    engines: {node: '>=12'}

  quansync@1.0.0:
    resolution: {integrity: sha512-5xZacEEufv3HSTPQuchrvV6soaiACMFnq1H8wkVioctoH3TRha9Sz66lOxRwPK/qZj7HPiSveih9yAyh98gvqA==}

  react@18.3.0:
    resolution: {integrity: sha512-RPutkJftSAldDibyrjuku7q11d3oy6wKOyPe5K1HA/HwwrXcEqBdHsLypkC2FFYjP7bPUa6gbzSBhw4sY2JcDg==}
    engines: {node: '>=0.10.0'}

  readdirp@4.0.1:
    resolution: {integrity: sha512-GkMg9uOTpIWWKbSsgwb5fA4EavTR+SG/PMPoAY8hkhHfEEY0/vqljY+XHqtDf2cr2IJtoNRDbrrEpZUiZCkYRw==}
    engines: {node: '>= 14.16.0'}

  resolve-pkg-maps@1.0.0:
    resolution: {integrity: sha512-seS2Tj26TBVOC2NIc2rOe2y2ZO7efxITtLZcGSOnHHNOQ7CkiUBfw0Iw2ck6xkIhPwLhKNLS8BO+hEpngQlqzw==}

  rolldown-plugin-dts@0.13.4:
    resolution: {integrity: sha512-2+3GnKj6A3wKfyomUKfONRHjgKE85X4PcgW1b84KkHvuN3mUuUiOMseLKafFLMF6NkqQPAJ3FErwtC4HuwIswg==}
    engines: {node: '>=20.18.0'}
    peerDependencies:
      rolldown: ^1.0.0-beta.9
      typescript: ^5.0.0
      vue-tsc: ~2.2.0
    peerDependenciesMeta:
      typescript:
        optional: true
      vue-tsc:
        optional: true

  rolldown@1.0.0-beta.9:
    resolution: {integrity: sha512-ZgZky52n6iF0UainGKjptKGrOG4Con2S5sdc4C4y2Oj25D5PHAY8Y8E5f3M2TSd/zlhQs574JlMeTe3vREczSg==}
    hasBin: true
    peerDependencies:
      '@oxc-project/runtime': 0.70.0
    peerDependenciesMeta:
      '@oxc-project/runtime':
        optional: true

  semver@7.8.5:
    resolution: {integrity: sha512-Y7/KDsb8LjooZpwaqGyulO6DQlksgCncchHGk+sZIY4SBvUocMBEFH5Ur1fI4dV+Jvl0w6cjvucaIi40puRioA==}
    engines: {node: '>=10'}
    hasBin: true

  tinyexec@1.3.1:
    resolution: {integrity: sha512-GCvB3aoys96IuDFBMcTB46JOR6mdMtAToqwiW8JlWhsoh1mhHi/xn9ss/Dg7N555GiJyEt2qzoG/NHCwM6h1EA==}
    engines: {node: '>=18'}

  tinyglobby@0.2.17:
    resolution: {integrity: sha512-wXR/dYpcqKmfWpEdZjiKJOwCNFndD0DMnrW/cYjVGttEkBfVgcLFHoNrlj47mjOVic9yyNu65alsgF4NQyTa2g==}
    engines: {node: '>=12.0.0'}

  tsdown@0.12.0:
    resolution: {integrity: sha512-LNVFCCxK97xmagqooDnLX+1KLx7GxBb5BHfy3g+A0l6c8bNjsbcfxE3RvSsp3oX+YGMU2D6pD8VrwcHSXZkUMA==}
    engines: {node: '>=18.0.0'}
    hasBin: true
    peerDependencies:
      publint: ^0.3.0
      typescript: ^5.0.0
      unplugin-lightningcss: ^0.4.0
      unplugin-unused: ^0.5.0
    peerDependenciesMeta:
      publint:
        optional: true
      typescript:
        optional: true
      unplugin-lightningcss:
        optional: true
      unplugin-unused:
        optional: true

  tslib@2.8.1:
    resolution: {integrity: sha512-oJFu94HQb+KVduSUQL7wnpmqnfmLsOA/nAh6b6EH0wCEoK0/mPeXU6c3wKDV83MkOuHPRHtSXKKU99IBazS/2w==}

  typescript@5.5.2:
    resolution: {integrity: sha512-NcRtPEOsPFFWjobJEtfihkLCZCXZt/os3zf8nTxjVH3RvTSxjrCamJpbExGvYOF+tFHc3pA65qpdwPbzjohhew==}
    engines: {node: '>=14.17'}
    hasBin: true

  unconfig-core@7.5.0:
    resolution: {integrity: sha512-Su3FauozOGP44ZmKdHy2oE6LPjk51M/TRRjHv2HNCWiDvfvCoxC2lno6jevMA91MYAdCdwP05QnWdWpSbncX/w==}

  unconfig@7.5.0:
    resolution: {integrity: sha512-oi8Qy2JV4D3UQ0PsopR28CzdQ3S/5A1zwsUwp/rosSbfhJ5z7b90bIyTwi/F7hCLD4SGcZVjDzd4XoUQcEanvA==}

  undici-types@6.21.0:
    resolution: {integrity: sha512-iwDZqg0QAGrg9Rav5H4n0M64c3mkR59cJ6wQp+7C4nI0gsmExaedaYLNO44eT4AtBBwjbTiGPMlt2Md0T9H9JQ==}

  zod@3.23.0:
    resolution: {integrity: sha512-OFLT+LTocvabn6q76BTwVB0hExEBS0IduTr3cqZyMqEDbOnYmcU+y0tUAYbND4uwclpBGi4I4UUBGzylWpjLGA==}

snapshots:

  '@babel/generator@7.29.8':
    dependencies:
      '@babel/parser': 7.29.8
      '@babel/types': 7.29.8
      '@jridgewell/gen-mapping': 0.3.12
      '@jridgewell/trace-mapping': 0.3.31
      jsesc: 3.1.0

  '@babel/helper-string-parser@7.29.7': {}

  '@babel/helper-validator-identifier@7.29.7': {}

  '@babel/parser@7.29.8':
    dependencies:
      '@babel/types': 7.29.8

  '@babel/types@7.29.8':
    dependencies:
      '@babel/helper-string-parser': 7.29.7
      '@babel/helper-validator-identifier': 7.29.7

  '@deepseek-ai/cordis@4.0.2':
    dependencies:
      '@deepseek-ai/cosmokit': 1.8.3
      '@standard-schema/spec': 1.1.0

  '@deepseek-ai/cosmokit@1.8.3': {}

  '@emnapi/core@1.11.3':
    dependencies:
      '@emnapi/wasi-threads': 1.2.3
      tslib: 2.8.1
    optional: true

  '@emnapi/runtime@1.11.3':
    dependencies:
      tslib: 2.8.1
    optional: true

  '@emnapi/wasi-threads@1.2.3':
    dependencies:
      tslib: 2.8.1
    optional: true

  '@jridgewell/gen-mapping@0.3.12':
    dependencies:
      '@jridgewell/sourcemap-codec': 1.6.0
      '@jridgewell/trace-mapping': 0.3.31

  '@jridgewell/resolve-uri@3.1.2': {}

  '@jridgewell/sourcemap-codec@1.6.0': {}

  '@jridgewell/trace-mapping@0.3.31':
    dependencies:
      '@jridgewell/resolve-uri': 3.1.2
      '@jridgewell/sourcemap-codec': 1.6.0

  '@napi-rs/wasm-runtime@0.2.12':
    dependencies:
      '@emnapi/core': 1.11.3
      '@emnapi/runtime': 1.11.3
      '@tybys/wasm-util': 0.10.3
    optional: true

  '@oxc-project/types@0.70.0': {}

  '@quansync/fs@1.0.0':
    dependencies:
      quansync: 1.0.0

  '@rolldown/binding-darwin-arm64@1.0.0-beta.9':
    optional: true

  '@rolldown/binding-darwin-x64@1.0.0-beta.9':
    optional: true

  '@rolldown/binding-freebsd-x64@1.0.0-beta.9':
    optional: true

  '@rolldown/binding-linux-arm-gnueabihf@1.0.0-beta.9':
    optional: true

  '@rolldown/binding-linux-arm64-gnu@1.0.0-beta.9':
    optional: true

  '@rolldown/binding-linux-arm64-musl@1.0.0-beta.9':
    optional: true

  '@rolldown/binding-linux-x64-gnu@1.0.0-beta.9':
    optional: true

  '@rolldown/binding-linux-x64-musl@1.0.0-beta.9':
    optional: true

  '@rolldown/binding-wasm32-wasi@1.0.0-beta.9':
    dependencies:
      '@napi-rs/wasm-runtime': 0.2.12
    optional: true

  '@rolldown/binding-win32-arm64-msvc@1.0.0-beta.9':
    optional: true

  '@rolldown/binding-win32-ia32-msvc@1.0.0-beta.9':
    optional: true

  '@rolldown/binding-win32-x64-msvc@1.0.0-beta.9':
    optional: true

  '@rolldown/pluginutils@1.0.0-beta.9': {}

  '@standard-schema/spec@1.1.0': {}

  '@tybys/wasm-util@0.10.3':
    dependencies:
      tslib: 2.8.1
    optional: true

  '@types/node@20.19.43':
    dependencies:
      undici-types: 6.21.0

  '@types/prop-types@15.7.15': {}

  '@types/react@18.3.31':
    dependencies:
      '@types/prop-types': 15.7.15
      csstype: 3.2.3

  ansis@4.3.1: {}

  ast-kit@2.0.0:
    dependencies:
      '@babel/parser': 7.29.8
      pathe: 2.0.3

  birpc@2.3.0: {}

  cac@6.7.14: {}

  chokidar@4.0.3:
    dependencies:
      readdirp: 4.0.1

  csstype@3.2.3: {}

  debug@4.4.3:
    dependencies:
      ms: 2.1.3

  defu@6.1.7: {}

  diff@8.0.4: {}

  dts-resolver@2.0.1: {}

  empathic@1.1.0: {}

  fdir@6.5.0(picomatch@4.0.7):
    optionalDependencies:
      picomatch: 4.0.7

  get-tsconfig@4.14.3:
    dependencies:
      resolve-pkg-maps: 1.0.0

  hookable@5.5.3: {}

  jiti@2.7.0: {}

  js-tokens@3.0.0: {}

  jsesc@3.1.0: {}

  loose-envify@1.4.0:
    dependencies:
      js-tokens: 3.0.0

  ms@2.1.3: {}

  pathe@2.0.3: {}

  picomatch@4.0.7: {}

  quansync@1.0.0: {}

  react@18.3.0:
    dependencies:
      loose-envify: 1.4.0

  readdirp@4.0.1: {}

  resolve-pkg-maps@1.0.0: {}

  rolldown-plugin-dts@0.13.4(rolldown@1.0.0-beta.9)(typescript@5.5.2):
    dependencies:
      '@babel/generator': 7.29.8
      '@babel/parser': 7.29.8
      '@babel/types': 7.29.8
      ast-kit: 2.0.0
      birpc: 2.3.0
      debug: 4.4.3
      dts-resolver: 2.0.1
      get-tsconfig: 4.14.3
      rolldown: 1.0.0-beta.9
    optionalDependencies:
      typescript: 5.5.2
    transitivePeerDependencies:
      - oxc-resolver
      - supports-color

  rolldown@1.0.0-beta.9:
    dependencies:
      '@oxc-project/types': 0.70.0
      '@rolldown/pluginutils': 1.0.0-beta.9
      ansis: 4.3.1
    optionalDependencies:
      '@rolldown/binding-darwin-arm64': 1.0.0-beta.9
      '@rolldown/binding-darwin-x64': 1.0.0-beta.9
      '@rolldown/binding-freebsd-x64': 1.0.0-beta.9
      '@rolldown/binding-linux-arm-gnueabihf': 1.0.0-beta.9
      '@rolldown/binding-linux-arm64-gnu': 1.0.0-beta.9
      '@rolldown/binding-linux-arm64-musl': 1.0.0-beta.9
      '@rolldown/binding-linux-x64-gnu': 1.0.0-beta.9
      '@rolldown/binding-linux-x64-musl': 1.0.0-beta.9
      '@rolldown/binding-wasm32-wasi': 1.0.0-beta.9
      '@rolldown/binding-win32-arm64-msvc': 1.0.0-beta.9
      '@rolldown/binding-win32-ia32-msvc': 1.0.0-beta.9
      '@rolldown/binding-win32-x64-msvc': 1.0.0-beta.9

  semver@7.8.5: {}

  tinyexec@1.3.1: {}

  tinyglobby@0.2.17:
    dependencies:
      fdir: 6.5.0(picomatch@4.0.7)
      picomatch: 4.0.7

  tsdown@0.12.0(typescript@5.5.2):
    dependencies:
      ansis: 4.3.1
      cac: 6.7.14
      chokidar: 4.0.3
      debug: 4.4.3
      diff: 8.0.4
      empathic: 1.1.0
      hookable: 5.5.3
      rolldown: 1.0.0-beta.9
      rolldown-plugin-dts: 0.13.4(rolldown@1.0.0-beta.9)(typescript@5.5.2)
      semver: 7.8.5
      tinyexec: 1.3.1
      tinyglobby: 0.2.17
      unconfig: 7.5.0
    optionalDependencies:
      typescript: 5.5.2
    transitivePeerDependencies:
      - '@oxc-project/runtime'
      - oxc-resolver
      - supports-color
      - vue-tsc

  tslib@2.8.1:
    optional: true

  typescript@5.5.2: {}

  unconfig-core@7.5.0:
    dependencies:
      '@quansync/fs': 1.0.0
      quansync: 1.0.0

  unconfig@7.5.0:
    dependencies:
      '@quansync/fs': 1.0.0
      defu: 6.1.7
      jiti: 2.7.0
      quansync: 1.0.0
      unconfig-core: 7.5.0

  undici-types@6.21.0: {}

  zod@3.23.0: {}
